// !$*UTF8*$!
{
	archiveVersion = 1;
	classes = {
	};
	objectVersion = 46;
	objects = {

/* Begin PBXBuildFile section */
		282E836D1E22AB4F00B1BCB7 /* alphabetf.swift in Sources */ = {isa = PBXBuildFile; fileRef = 282E836B1E22AB4F00B1BCB7 /* alphabetf.swift */; };
		282E836E1E22AB4F00B1BCB7 /* alphabet.atlasc in Resources */ = {isa = PBXBuildFile; fileRef = 282E836C1E22AB4F00B1BCB7 /* alphabet.atlasc */; };
		282EBA3F1E1F9C7C00624DE4 /* GameViewController.swift in Sources */ = {isa = PBXBuildFile; fileRef = 282EBA3E1E1F9C7C00624DE4 /* GameViewController.swift */; };
		283530F21E2641990029ECA6 /* Literal.plist in Resources */ = {isa = PBXBuildFile; fileRef = 283530F11E2641990029ECA6 /* Literal.plist */; };
		284ACFC11E1031D900600FA2 /* LevelTableViewController.swift in Sources */ = {isa = PBXBuildFile; fileRef = 284ACFC01E1031D900600FA2 /* LevelTableViewController.swift */; };
		287C24B21E59586200C3CC6B /* level1.plist in Resources */ = {isa = PBXBuildFile; fileRef = 287C24AF1E59586200C3CC6B /* level1.plist */; };
		287C24B31E59586200C3CC6B /* level2.plist in Resources */ = {isa = PBXBuildFile; fileRef = 287C24B01E59586200C3CC6B /* level2.plist */; };
		287C24B41E59586200C3CC6B /* level3.plist in Resources */ = {isa = PBXBuildFile; fileRef = 287C24B11E59586200C3CC6B /* level3.plist */; };
		287C24B61E5958B400C3CC6B /* Level.swift in Sources */ = {isa = PBXBuildFile; fileRef = 287C24B51E5958B400C3CC6B /* Level.swift */; };
		287C24B81E595D9200C3CC6B /* GameController.swift in Sources */ = {isa = PBXBuildFile; fileRef = 287C24B71E595D9200C3CC6B /* GameController.swift */; };
		287C24BA1E595EB800C3CC6B /* AudioController.swift in Sources */ = {isa = PBXBuildFile; fileRef = 287C24B91E595EB800C3CC6B /* AudioController.swift */; };
		287C24BD1E595FD900C3CC6B /* TileView.swift in Sources */ = {isa = PBXBuildFile; fileRef = 287C24BC1E595FD900C3CC6B /* TileView.swift */; };
		287C24C21E595FE300C3CC6B /* CounterLabelView.swift in Sources */ = {isa = PBXBuildFile; fileRef = 287C24BE1E595FE300C3CC6B /* CounterLabelView.swift */; };
		287C24C31E595FE300C3CC6B /* HUDView.swift in Sources */ = {isa = PBXBuildFile; fileRef = 287C24BF1E595FE300C3CC6B /* HUDView.swift */; };
		287C24C41E595FE300C3CC6B /* StopwatchView.swift in Sources */ = {isa = PBXBuildFile; fileRef = 287C24C01E595FE300C3CC6B /* StopwatchView.swift */; };
		287C24C51E595FE300C3CC6B /* TargetView.swift in Sources */ = {isa = PBXBuildFile; fileRef = 287C24C11E595FE300C3CC6B /* TargetView.swift */; };
		287C24C71E5963EF00C3CC6B /* Config.swift in Sources */ = {isa = PBXBuildFile; fileRef = 287C24C61E5963EF00C3CC6B /* Config.swift */; };
		287C24C91E59648800C3CC6B /* GameData.swift in Sources */ = {isa = PBXBuildFile; fileRef = 287C24C81E59648800C3CC6B /* GameData.swift */; };
		287C24CB1E597E4A00C3CC6B /* ExplodeView.swift in Sources */ = {isa = PBXBuildFile; fileRef = 287C24CA1E597E4A00C3CC6B /* ExplodeView.swift */; };
		287C24CD1E597E5300C3CC6B /* StardustView.swift in Sources */ = {isa = PBXBuildFile; fileRef = 287C24CC1E597E5300C3CC6B /* StardustView.swift */; };
		287C24CF1E59A66200C3CC6B /* Images in Resources */ = {isa = PBXBuildFile; fileRef = 287C24CE1E59A66200C3CC6B /* Images */; };
		28D749361E34937C00F7A386 /* Utils.swift in Sources */ = {isa = PBXBuildFile; fileRef = 28D749351E34937C00F7A386 /* Utils.swift */; };
		28F895981DC766E50075C51B /* AppDelegate.swift in Sources */ = {isa = PBXBuildFile; fileRef = 28F895971DC766E50075C51B /* AppDelegate.swift */; };
		28F8959A1DC766E50075C51B /* ViewController.swift in Sources */ = {isa = PBXBuildFile; fileRef = 28F895991DC766E50075C51B /* ViewController.swift */; };
		28F8959D1DC766E50075C51B /* Main.storyboard in Resources */ = {isa = PBXBuildFile; fileRef = 28F8959B1DC766E50075C51B /* Main.storyboard */; };
		28F895A01DC766E50075C51B /* CinemaLogic2.xcdatamodeld in Sources */ = {isa = PBXBuildFile; fileRef = 28F8959E1DC766E50075C51B /* CinemaLogic2.xcdatamodeld */; };
		28F895A21DC766E50075C51B /* Assets.xcassets in Resources */ = {isa = PBXBuildFile; fileRef = 28F895A11DC766E50075C51B /* Assets.xcassets */; };
		28F895A51DC766E50075C51B /* LaunchScreen.storyboard in Resources */ = {isa = PBXBuildFile; fileRef = 28F895A31DC766E50075C51B /* LaunchScreen.storyboard */; };
		28F895B01DC766E50075C51B /* CinemaLogic2Tests.swift in Sources */ = {isa = PBXBuildFile; fileRef = 28F895AF1DC766E50075C51B /* CinemaLogic2Tests.swift */; };
		28F895BB1DC766E50075C51B /* CinemaLogic2UITests.swift in Sources */ = {isa = PBXBuildFile; fileRef = 28F895BA1DC766E50075C51B /* CinemaLogic2UITests.swift */; };
		28F895C91DC76FF90075C51B /* MainTableViewController.swift in Sources */ = {isa = PBXBuildFile; fileRef = 28F895C81DC76FF90075C51B /* MainTableViewController.swift */; };
		28F895CD1DC772490075C51B /* Menu.swift in Sources */ = {isa = PBXBuildFile; fileRef = 28F895CC1DC772490075C51B /* Menu.swift */; };
		28F895CF1DC773D30075C51B /* MainTableViewCell.swift in Sources */ = {isa = PBXBuildFile; fileRef = 28F895CE1DC773D30075C51B /* MainTableViewCell.swift */; };
/* End PBXBuildFile section */

/* Begin PBXContainerItemProxy section */
		28F895AC1DC766E50075C51B /* PBXContainerItemProxy */ = {
			isa = PBXContainerItemProxy;
			containerPortal = 28F8958C1DC766E50075C51B /* Project object */;
			proxyType = 1;
			remoteGlobalIDString = 28F895931DC766E50075C51B;
			remoteInfo = CinemaLogic2;
		};
		28F895B71DC766E50075C51B /* PBXContainerItemProxy */ = {
			isa = PBXContainerItemProxy;
			containerPortal = 28F8958C1DC766E50075C51B /* Project object */;
			proxyType = 1;
			remoteGlobalIDString = 28F895931DC766E50075C51B;
			remoteInfo = CinemaLogic2;
		};
/* End PBXContainerItemProxy section */

/* Begin PBXFileReference section */
		282E836B1E22AB4F00B1BCB7 /* alphabetf.swift */ = {isa = PBXFileReference; fileEncoding = 4; lastKnownFileType = sourcecode.swift; path = alphabetf.swift; sourceTree = "<group>"; };
		282E836C1E22AB4F00B1BCB7 /* alphabet.atlasc */ = {isa = PBXFileReference; lastKnownFileType = folder; path = alphabet.atlasc; sourceTree = "<group>"; };
		282EBA3E1E1F9C7C00624DE4 /* GameViewController.swift */ = {isa = PBXFileReference; fileEncoding = 4; lastKnownFileType = sourcecode.swift; path = GameViewController.swift; sourceTree = "<group>"; };
		283530F11E2641990029ECA6 /* Literal.plist */ = {isa = PBXFileReference; fileEncoding = 4; lastKnownFileType = text.plist.xml; path = Literal.plist; sourceTree = "<group>"; };
		284ACFC01E1031D900600FA2 /* LevelTableViewController.swift */ = {isa = PBXFileReference; fileEncoding = 4; lastKnownFileType = sourcecode.swift; path = LevelTableViewController.swift; sourceTree = "<group>"; };
		287C24AF1E59586200C3CC6B /* level1.plist */ = {isa = PBXFileReference; fileEncoding = 4; lastKnownFileType = text.plist.xml; path = level1.plist; sourceTree = "<group>"; };
		287C24B01E59586200C3CC6B /* level2.plist */ = {isa = PBXFileReference; fileEncoding = 4; lastKnownFileType = text.plist.xml; path = level2.plist; sourceTree = "<group>"; };
		287C24B11E59586200C3CC6B /* level3.plist */ = {isa = PBXFileReference; fileEncoding = 4; lastKnownFileType = text.plist.xml; path = level3.plist; sourceTree = "<group>"; };
		287C24B51E5958B400C3CC6B /* Level.swift */ = {isa = PBXFileReference; fileEncoding = 4; lastKnownFileType = sourcecode.swift; path = Level.swift; sourceTree = "<group>"; };
		287C24B71E595D9200C3CC6B /* GameController.swift */ = {isa = PBXFileReference; fileEncoding = 4; lastKnownFileType = sourcecode.swift; path = GameController.swift; sourceTree = "<group>"; };
		287C24B91E595EB800C3CC6B /* AudioController.swift */ = {isa = PBXFileReference; fileEncoding = 4; lastKnownFileType = sourcecode.swift; path = AudioController.swift; sourceTree = "<group>"; };
		287C24BC1E595FD900C3CC6B /* TileView.swift */ = {isa = PBXFileReference; fileEncoding = 4; lastKnownFileType = sourcecode.swift; path = TileView.swift; sourceTree = "<group>"; };
		287C24BE1E595FE300C3CC6B /* CounterLabelView.swift */ = {isa = PBXFileReference; fileEncoding = 4; lastKnownFileType = sourcecode.swift; path = CounterLabelView.swift; sourceTree = "<group>"; };
		287C24BF1E595FE300C3CC6B /* HUDView.swift */ = {isa = PBXFileReference; fileEncoding = 4; lastKnownFileType = sourcecode.swift; path = HUDView.swift; sourceTree = "<group>"; };
		287C24C01E595FE300C3CC6B /* StopwatchView.swift */ = {isa = PBXFileReference; fileEncoding = 4; lastKnownFileType = sourcecode.swift; path = StopwatchView.swift; sourceTree = "<group>"; };
		287C24C11E595FE300C3CC6B /* TargetView.swift */ = {isa = PBXFileReference; fileEncoding = 4; lastKnownFileType = sourcecode.swift; path = TargetView.swift; sourceTree = "<group>"; };
		287C24C61E5963EF00C3CC6B /* Config.swift */ = {isa = PBXFileReference; fileEncoding = 4; lastKnownFileType = sourcecode.swift; path = Config.swift; sourceTree = "<group>"; };
		287C24C81E59648800C3CC6B /* GameData.swift */ = {isa = PBXFileReference; fileEncoding = 4; lastKnownFileType = sourcecode.swift; path = GameData.swift; sourceTree = "<group>"; };
		287C24CA1E597E4A00C3CC6B /* ExplodeView.swift */ = {isa = PBXFileReference; fileEncoding = 4; lastKnownFileType = sourcecode.swift; path = ExplodeView.swift; sourceTree = "<group>"; };
		287C24CC1E597E5300C3CC6B /* StardustView.swift */ = {isa = PBXFileReference; fileEncoding = 4; lastKnownFileType = sourcecode.swift; path = StardustView.swift; sourceTree = "<group>"; };
		287C24CE1E59A66200C3CC6B /* Images */ = {isa = PBXFileReference; lastKnownFileType = folder; path = Images; sourceTree = "<group>"; };
		28D749351E34937C00F7A386 /* Utils.swift */ = {isa = PBXFileReference; fileEncoding = 4; lastKnownFileType = sourcecode.swift; path = Utils.swift; sourceTree = "<group>"; };
		28F895941DC766E50075C51B /* CinemaLogic2.app */ = {isa = PBXFileReference; explicitFileType = wrapper.application; includeInIndex = 0; path = CinemaLogic2.app; sourceTree = BUILT_PRODUCTS_DIR; };
		28F895971DC766E50075C51B /* AppDelegate.swift */ = {isa = PBXFileReference; lastKnownFileType = sourcecode.swift; path = AppDelegate.swift; sourceTree = "<group>"; };
		28F895991DC766E50075C51B /* ViewController.swift */ = {isa = PBXFileReference; lastKnownFileType = sourcecode.swift; path = ViewController.swift; sourceTree = "<group>"; };
		28F8959C1DC766E50075C51B /* Base */ = {isa = PBXFileReference; lastKnownFileType = file.storyboard; name = Base; path = Base.lproj/Main.storyboard; sourceTree = "<group>"; };
		28F8959F1DC766E50075C51B /* CinemaLogic2.xcdatamodel */ = {isa = PBXFileReference; lastKnownFileType = wrapper.xcdatamodel; path = CinemaLogic2.xcdatamodel; sourceTree = "<group>"; };
		28F895A11DC766E50075C51B /* Assets.xcassets */ = {isa = PBXFileReference; lastKnownFileType = folder.assetcatalog; path = Assets.xcassets; sourceTree = "<group>"; };
		28F895A41DC766E50075C51B /* Base */ = {isa = PBXFileReference; lastKnownFileType = file.storyboard; name = Base; path = Base.lproj/LaunchScreen.storyboard; sourceTree = "<group>"; };
		28F895A61DC766E50075C51B /* Info.plist */ = {isa = PBXFileReference; lastKnownFileType = text.plist.xml; path = Info.plist; sourceTree = "<group>"; };
		28F895AB1DC766E50075C51B /* CinemaLogic2Tests.xctest */ = {isa = PBXFileReference; explicitFileType = wrapper.cfbundle; includeInIndex = 0; path = CinemaLogic2Tests.xctest; sourceTree = BUILT_PRODUCTS_DIR; };
		28F895AF1DC766E50075C51B /* CinemaLogic2Tests.swift */ = {isa = PBXFileReference; lastKnownFileType = sourcecode.swift; path = CinemaLogic2Tests.swift; sourceTree = "<group>"; };
		28F895B11DC766E50075C51B /* Info.plist */ = {isa = PBXFileReference; lastKnownFileType = text.plist.xml; path = Info.plist; sourceTree = "<group>"; };
		28F895B61DC766E50075C51B /* CinemaLogic2UITests.xctest */ = {isa = PBXFileReference; explicitFileType = wrapper.cfbundle; includeInIndex = 0; path = CinemaLogic2UITests.xctest; sourceTree = BUILT_PRODUCTS_DIR; };
		28F895BA1DC766E50075C51B /* CinemaLogic2UITests.swift */ = {isa = PBXFileReference; lastKnownFileType = sourcecode.swift; path = CinemaLogic2UITests.swift; sourceTree = "<group>"; };
		28F895BC1DC766E50075C51B /* Info.plist */ = {isa = PBXFileReference; lastKnownFileType = text.plist.xml; path = Info.plist; sourceTree = "<group>"; };
		28F895C81DC76FF90075C51B /* MainTableViewController.swift */ = {isa = PBXFileReference; fileEncoding = 4; lastKnownFileType = sourcecode.swift; path = MainTableViewController.swift; sourceTree = "<group>"; };
		28F895CC1DC772490075C51B /* Menu.swift */ = {isa = PBXFileReference; fileEncoding = 4; lastKnownFileType = sourcecode.swift; path = Menu.swift; sourceTree = "<group>"; };
		28F895CE1DC773D30075C51B /* MainTableViewCell.swift */ = {isa = PBXFileReference; fileEncoding = 4; lastKnownFileType = sourcecode.swift; path = MainTableViewCell.swift; sourceTree = "<group>"; };
/* End PBXFileReference section */

/* Begin PBXFrameworksBuildPhase section */
		28F895911DC766E50075C51B /* Frameworks */ = {
			isa = PBXFrameworksBuildPhase;
			buildActionMask = 2147483647;
			files = (
			);
			runOnlyForDeploymentPostprocessing = 0;
		};
		28F895A81DC766E50075C51B /* Frameworks */ = {
			isa = PBXFrameworksBuildPhase;
			buildActionMask = 2147483647;
			files = (
			);
			runOnlyForDeploymentPostprocessing = 0;
		};
		28F895B31DC766E50075C51B /* Frameworks */ = {
			isa = PBXFrameworksBuildPhase;
			buildActionMask = 2147483647;
			files = (
			);
			runOnlyForDeploymentPostprocessing = 0;
		};
/* End PBXFrameworksBuildPhase section */

/* Begin PBXGroup section */
		282EBA391E1F9B7200624DE4 /* Game */ = {
			isa = PBXGroup;
			children = (
				282E836B1E22AB4F00B1BCB7 /* alphabetf.swift */,
				282E836C1E22AB4F00B1BCB7 /* alphabet.atlasc */,
				287C24B71E595D9200C3CC6B /* GameController.swift */,
				287C24B91E595EB800C3CC6B /* AudioController.swift */,
				287C24C81E59648800C3CC6B /* GameData.swift */,
			);
			name = Game;
			sourceTree = "<group>";
		};
		287C24AC1E59570800C3CC6B /* Controllers */ = {
			isa = PBXGroup;
			children = (
				28F895C81DC76FF90075C51B /* MainTableViewController.swift */,
				284ACFC01E1031D900600FA2 /* LevelTableViewController.swift */,
				282EBA3E1E1F9C7C00624DE4 /* GameViewController.swift */,
				28F895CE1DC773D30075C51B /* MainTableViewCell.swift */,
			);
			name = Controllers;
			sourceTree = "<group>";
		};
		287C24AD1E59576600C3CC6B /* Models */ = {
			isa = PBXGroup;
			children = (
				28F895CC1DC772490075C51B /* Menu.swift */,
				287C24B51E5958B400C3CC6B /* Level.swift */,
				28D749351E34937C00F7A386 /* Utils.swift */,
			);
			name = Models;
			sourceTree = "<group>";
		};
		287C24AE1E5957D000C3CC6B /* Levels */ = {
			isa = PBXGroup;
			children = (
				287C24AF1E59586200C3CC6B /* level1.plist */,
				287C24B01E59586200C3CC6B /* level2.plist */,
				287C24B11E59586200C3CC6B /* level3.plist */,
			);
			name = Levels;
			sourceTree = "<group>";
		};
		287C24BB1E595FAA00C3CC6B /* Views */ = {
			isa = PBXGroup;
			children = (
				287C24CC1E597E5300C3CC6B /* StardustView.swift */,
				287C24CA1E597E4A00C3CC6B /* ExplodeView.swift */,
				287C24BE1E595FE300C3CC6B /* CounterLabelView.swift */,
				287C24BF1E595FE300C3CC6B /* HUDView.swift */,
				287C24C01E595FE300C3CC6B /* StopwatchView.swift */,
				287C24C11E595FE300C3CC6B /* TargetView.swift */,
				287C24BC1E595FD900C3CC6B /* TileView.swift */,
			);
			name = Views;
			sourceTree = "<group>";
		};
		28F8958B1DC766E50075C51B = {
			isa = PBXGroup;
			children = (
				28F895961DC766E50075C51B /* CinemaLogic2 */,
				28F895AE1DC766E50075C51B /* CinemaLogic2Tests */,
				28F895B91DC766E50075C51B /* CinemaLogic2UITests */,
				28F895951DC766E50075C51B /* Products */,
			);
			sourceTree = "<group>";
		};
		28F895951DC766E50075C51B /* Products */ = {
			isa = PBXGroup;
			children = (
				28F895941DC766E50075C51B /* CinemaLogic2.app */,
				28F895AB1DC766E50075C51B /* CinemaLogic2Tests.xctest */,
				28F895B61DC766E50075C51B /* CinemaLogic2UITests.xctest */,
			);
			name = Products;
			sourceTree = "<group>";
		};
		28F895961DC766E50075C51B /* CinemaLogic2 */ = {
			isa = PBXGroup;
			children = (
				287C24CE1E59A66200C3CC6B /* Images */,
				287C24BB1E595FAA00C3CC6B /* Views */,
				287C24AE1E5957D000C3CC6B /* Levels */,
				282EBA391E1F9B7200624DE4 /* Game */,
				287C24AD1E59576600C3CC6B /* Models */,
				287C24AC1E59570800C3CC6B /* Controllers */,
				283530F11E2641990029ECA6 /* Literal.plist */,
				28F895971DC766E50075C51B /* AppDelegate.swift */,
				28F895991DC766E50075C51B /* ViewController.swift */,
				28F8959B1DC766E50075C51B /* Main.storyboard */,
				287C24C61E5963EF00C3CC6B /* Config.swift */,
				28F895A11DC766E50075C51B /* Assets.xcassets */,
				28F895A31DC766E50075C51B /* LaunchScreen.storyboard */,
				28F895A61DC766E50075C51B /* Info.plist */,
				28F8959E1DC766E50075C51B /* CinemaLogic2.xcdatamodeld */,
			);
			path = CinemaLogic2;
			sourceTree = "<group>";
		};
		28F895AE1DC766E50075C51B /* CinemaLogic2Tests */ = {
			isa = PBXGroup;
			children = (
				28F895AF1DC766E50075C51B /* CinemaLogic2Tests.swift */,
				28F895B11DC766E50075C51B /* Info.plist */,
			);
			path = CinemaLogic2Tests;
			sourceTree = "<group>";
		};
		28F895B91DC766E50075C51B /* CinemaLogic2UITests */ = {
			isa = PBXGroup;
			children = (
				28F895BA1DC766E50075C51B /* CinemaLogic2UITests.swift */,
				28F895BC1DC766E50075C51B /* Info.plist */,
			);
			path = CinemaLogic2UITests;
			sourceTree = "<group>";
		};
/* End PBXGroup section */

/* Begin PBXNativeTarget section */
		28F895931DC766E50075C51B /* CinemaLogic2 */ = {
			isa = PBXNativeTarget;
			buildConfigurationList = 28F895BF1DC766E50075C51B /* Build configuration list for PBXNativeTarget "CinemaLogic2" */;
			buildPhases = (
				28F895901DC766E50075C51B /* Sources */,
				28F895911DC766E50075C51B /* Frameworks */,
				28F895921DC766E50075C51B /* Resources */,
			);
			buildRules = (
			);
			dependencies = (
			);
			name = CinemaLogic2;
			productName = CinemaLogic2;
			productReference = 28F895941DC766E50075C51B /* CinemaLogic2.app */;
			productType = "com.apple.product-type.application";
		};
		28F895AA1DC766E50075C51B /* CinemaLogic2Tests */ = {
			isa = PBXNativeTarget;
			buildConfigurationList = 28F895C21DC766E50075C51B /* Build configuration list for PBXNativeTarget "CinemaLogic2Tests" */;
			buildPhases = (
				28F895A71DC766E50075C51B /* Sources */,
				28F895A81DC766E50075C51B /* Frameworks */,
				28F895A91DC766E50075C51B /* Resources */,
			);
			buildRules = (
			);
			dependencies = (
				28F895AD1DC766E50075C51B /* PBXTargetDependency */,
			);
			name = CinemaLogic2Tests;
			productName = CinemaLogic2Tests;
			productReference = 28F895AB1DC766E50075C51B /* CinemaLogic2Tests.xctest */;
			productType = "com.apple.product-type.bundle.unit-test";
		};
		28F895B51DC766E50075C51B /* CinemaLogic2UITests */ = {
			isa = PBXNativeTarget;
			buildConfigurationList = 28F895C51DC766E50075C51B /* Build configuration list for PBXNativeTarget "CinemaLogic2UITests" */;
			buildPhases = (
				28F895B21DC766E50075C51B /* Sources */,
				28F895B31DC766E50075C51B /* Frameworks */,
				28F895B41DC766E50075C51B /* Resources */,
			);
			buildRules = (
			);
			dependencies = (
				28F895B81DC766E50075C51B /* PBXTargetDependency */,
			);
			name = CinemaLogic2UITests;
			productName = CinemaLogic2UITests;
			productReference = 28F895B61DC766E50075C51B /* CinemaLogic2UITests.xctest */;
			productType = "com.apple.product-type.bundle.ui-testing";
		};
/* End PBXNativeTarget section */

/* Begin PBXProject section */
		28F8958C1DC766E50075C51B /* Project object */ = {
			isa = PBXProject;
			attributes = {
				LastSwiftUpdateCheck = 0810;
				LastUpgradeCheck = 0830;
				ORGANIZATIONNAME = "Dmitry Tolmachev";
				TargetAttributes = {
					28F895931DC766E50075C51B = {
						CreatedOnToolsVersion = 8.1;
						DevelopmentTeam = N5KECSEMYR;
						ProvisioningStyle = Automatic;
					};
					28F895AA1DC766E50075C51B = {
						CreatedOnToolsVersion = 8.1;
						DevelopmentTeam = N5KECSEMYR;
						ProvisioningStyle = Automatic;
						TestTargetID = 28F895931DC766E50075C51B;
					};
					28F895B51DC766E50075C51B = {
						CreatedOnToolsVersion = 8.1;
						DevelopmentTeam = N5KECSEMYR;
						ProvisioningStyle = Automatic;
						TestTargetID = 28F895931DC766E50075C51B;
					};
				};
			};
			buildConfigurationList = 28F8958F1DC766E50075C51B /* Build configuration list for PBXProject "CinemaLogic2" */;
			compatibilityVersion = "Xcode 3.2";
			developmentRegion = English;
			hasScannedForEncodings = 0;
			knownRegions = (
				en,
				Base,
			);
			mainGroup = 28F8958B1DC766E50075C51B;
			productRefGroup = 28F895951DC766E50075C51B /* Products */;
			projectDirPath = "";
			projectRoot = "";
			targets = (
				28F895931DC766E50075C51B /* CinemaLogic2 */,
				28F895AA1DC766E50075C51B /* CinemaLogic2Tests */,
				28F895B51DC766E50075C51B /* CinemaLogic2UITests */,
			);
		};
/* End PBXProject section */

/* Begin PBXResourcesBuildPhase section */
		28F895921DC766E50075C51B /* Resources */ = {
			isa = PBXResourcesBuildPhase;
			buildActionMask = 2147483647;
			files = (
				287C24B31E59586200C3CC6B /* level2.plist in Resources */,
				28F895A51DC766E50075C51B /* LaunchScreen.storyboard in Resources */,
				287C24B41E59586200C3CC6B /* level3.plist in Resources */,
				283530F21E2641990029ECA6 /* Literal.plist in Resources */,
				282E836E1E22AB4F00B1BCB7 /* alphabet.atlasc in Resources */,
				287C24B21E59586200C3CC6B /* level1.plist in Resources */,
				28F895A21DC766E50075C51B /* Assets.xcassets in Resources */,
				287C24CF1E59A66200C3CC6B /* Images in Resources */,
				28F8959D1DC766E50075C51B /* Main.storyboard in Resources */,
			);
			runOnlyForDeploymentPostprocessing = 0;
		};
		28F895A91DC766E50075C51B /* Resources */ = {
			isa = PBXResourcesBuildPhase;
			buildActionMask = 2147483647;
			files = (
			);
			runOnlyForDeploymentPostprocessing = 0;
		};
		28F895B41DC766E50075C51B /* Resources */ = {
			isa = PBXResourcesBuildPhase;
			buildActionMask = 2147483647;
			files = (
			);
			runOnlyForDeploymentPostprocessing = 0;
		};
/* End PBXResourcesBuildPhase section */

/* Begin PBXSourcesBuildPhase section */
		28F895901DC766E50075C51B /* Sources */ = {
			isa = PBXSourcesBuildPhase;
			buildActionMask = 2147483647;
			files = (
				287C24C31E595FE300C3CC6B /* HUDView.swift in Sources */,
				284ACFC11E1031D900600FA2 /* LevelTableViewController.swift in Sources */,
				287C24BD1E595FD900C3CC6B /* TileView.swift in Sources */,
				287C24C21E595FE300C3CC6B /* CounterLabelView.swift in Sources */,
				287C24C91E59648800C3CC6B /* GameData.swift in Sources */,
				287C24B61E5958B400C3CC6B /* Level.swift in Sources */,
				28D749361E34937C00F7A386 /* Utils.swift in Sources */,
				28F895C91DC76FF90075C51B /* MainTableViewController.swift in Sources */,
				28F8959A1DC766E50075C51B /* ViewController.swift in Sources */,
				28F895CF1DC773D30075C51B /* MainTableViewCell.swift in Sources */,
				282E836D1E22AB4F00B1BCB7 /* alphabetf.swift in Sources */,
				28F895981DC766E50075C51B /* AppDelegate.swift in Sources */,
				287C24C51E595FE300C3CC6B /* TargetView.swift in Sources */,
				287C24BA1E595EB800C3CC6B /* AudioController.swift in Sources */,
				28F895A01DC766E50075C51B /* CinemaLogic2.xcdatamodeld in Sources */,
				282EBA3F1E1F9C7C00624DE4 /* GameViewController.swift in Sources */,
				28F895CD1DC772490075C51B /* Menu.swift in Sources */,
				287C24CB1E597E4A00C3CC6B /* ExplodeView.swift in Sources */,
				287C24C71E5963EF00C3CC6B /* Config.swift in Sources */,
				287C24B81E595D9200C3CC6B /* GameController.swift in Sources */,
				287C24C41E595FE300C3CC6B /* StopwatchView.swift in Sources */,
				287C24CD1E597E5300C3CC6B /* StardustView.swift in Sources */,
			);
			runOnlyForDeploymentPostprocessing = 0;
		};
		28F895A71DC766E50075C51B /* Sources */ = {
			isa = PBXSourcesBuildPhase;
			buildActionMask = 2147483647;
			files = (
				28F895B01DC766E50075C51B /* CinemaLogic2Tests.swift in Sources */,
			);
			runOnlyForDeploymentPostprocessing = 0;
		};
		28F895B21DC766E50075C51B /* Sources */ = {
			isa = PBXSourcesBuildPhase;
			buildActionMask = 2147483647;
			files = (
				28F895BB1DC766E50075C51B /* CinemaLogic2UITests.swift in Sources */,
			);
			runOnlyForDeploymentPostprocessing = 0;
		};
/* End PBXSourcesBuildPhase section */

/* Begin PBXTargetDependency section */
		28F895AD1DC766E50075C51B /* PBXTargetDependency */ = {
			isa = PBXTargetDependency;
			target = 28F895931DC766E50075C51B /* CinemaLogic2 */;
			targetProxy = 28F895AC1DC766E50075C51B /* PBXContainerItemProxy */;
		};
		28F895B81DC766E50075C51B /* PBXTargetDependency */ = {
			isa = PBXTargetDependency;
			target = 28F895931DC766E50075C51B /* CinemaLogic2 */;
			targetProxy = 28F895B71DC766E50075C51B /* PBXContainerItemProxy */;
		};
/* End PBXTargetDependency section */

/* Begin PBXVariantGroup section */
		28F8959B1DC766E50075C51B /* Main.storyboard */ = {
			isa = PBXVariantGroup;
			children = (
				28F8959C1DC766E50075C51B /* Base */,
			);
			name = Main.storyboard;
			sourceTree = "<group>";
		};
		28F895A31DC766E50075C51B /* LaunchScreen.storyboard */ = {
			isa = PBXVariantGroup;
			children = (
				28F895A41DC766E50075C51B /* Base */,
			);
			name = LaunchScreen.storyboard;
			sourceTree = "<group>";
		};
/* End PBXVariantGroup section */

/* Begin XCBuildConfiguration section */
		28F895BD1DC766E50075C51B /* Debug */ = {
			isa = XCBuildConfiguration;
			buildSettings = {
				ALWAYS_SEARCH_USER_PATHS = NO;
				CLANG_ANALYZER_NONNULL = YES;
				CLANG_CXX_LANGUAGE_STANDARD = "gnu++0x";
				CLANG_CXX_LIBRARY = "libc++";
				CLANG_ENABLE_MODULES = YES;
				CLANG_ENABLE_OBJC_ARC = YES;
				CLANG_WARN_BOOL_CONVERSION = YES;
				CLANG_WARN_CONSTANT_CONVERSION = YES;
				CLANG_WARN_DIRECT_OBJC_ISA_USAGE = YES_ERROR;
				CLANG_WARN_DOCUMENTATION_COMMENTS = YES;
				CLANG_WARN_EMPTY_BODY = YES;
				CLANG_WARN_ENUM_CONVERSION = YES;
				CLANG_WARN_INFINITE_RECURSION = YES;
				CLANG_WARN_INT_CONVERSION = YES;
				CLANG_WARN_OBJC_ROOT_CLASS = YES_ERROR;
				CLANG_WARN_SUSPICIOUS_MOVE = YES;
				CLANG_WARN_SUSPICIOUS_MOVES = YES;
				CLANG_WARN_UNREACHABLE_CODE = YES;
				CLANG_WARN__DUPLICATE_METHOD_MATCH = YES;
				"CODE_SIGN_IDENTITY[sdk=iphoneos*]" = "iPhone Developer";
				COPY_PHASE_STRIP = NO;
				DEBUG_INFORMATION_FORMAT = dwarf;
				ENABLE_STRICT_OBJC_MSGSEND = YES;
				ENABLE_TESTABILITY = YES;
				GCC_C_LANGUAGE_STANDARD = gnu99;
				GCC_DYNAMIC_NO_PIC = NO;
				GCC_NO_COMMON_BLOCKS = YES;
				GCC_OPTIMIZATION_LEVEL = 0;
				GCC_PREPROCESSOR_DEFINITIONS = (
					"DEBUG=1",
					"$(inherited)",
				);
				GCC_WARN_64_TO_32_BIT_CONVERSION = YES;
				GCC_WARN_ABOUT_RETURN_TYPE = YES_ERROR;
				GCC_WARN_UNDECLARED_SELECTOR = YES;
				GCC_WARN_UNINITIALIZED_AUTOS = YES_AGGRESSIVE;
				GCC_WARN_UNUSED_FUNCTION = YES;
				GCC_WARN_UNUSED_VARIABLE = YES;
				IPHONEOS_DEPLOYMENT_TARGET = 10.1;
				MTL_ENABLE_DEBUG_INFO = YES;
				ONLY_ACTIVE_ARCH = YES;
				SDKROOT = iphoneos;
				SWIFT_ACTIVE_COMPILATION_CONDITIONS = DEBUG;
				SWIFT_OPTIMIZATION_LEVEL = "-Onone";
				TARGETED_DEVICE_FAMILY = 2;
			};
			name = Debug;
		};
		28F895BE1DC766E50075C51B /* Release */ = {
			isa = XCBuildConfiguration;
			buildSettings = {
				ALWAYS_SEARCH_USER_PATHS = NO;
				CLANG_ANALYZER_NONNULL = YES;
				CLANG_CXX_LANGUAGE_STANDARD = "gnu++0x";
				CLANG_CXX_LIBRARY = "libc++";
				CLANG_ENABLE_MODULES = YES;
				CLANG_ENABLE_OBJC_ARC = YES;
				CLANG_WARN_BOOL_CONVERSION = YES;
				CLANG_WARN_CONSTANT_CONVERSION = YES;
				CLANG_WARN_DIRECT_OBJC_ISA_USAGE = YES_ERROR;
				CLANG_WARN_DOCUMENTATION_COMMENTS = YES;
				CLANG_WARN_EMPTY_BODY = YES;
				CLANG_WARN_ENUM_CONVERSION = YES;
				CLANG_WARN_INFINITE_RECURSION = YES;
				CLANG_WARN_INT_CONVERSION = YES;
				CLANG_WARN_OBJC_ROOT_CLASS = YES_ERROR;
				CLANG_WARN_SUSPICIOUS_MOVE = YES;
				CLANG_WARN_SUSPICIOUS_MOVES = YES;
				CLANG_WARN_UNREACHABLE_CODE = YES;
				CLANG_WARN__DUPLICATE_METHOD_MATCH = YES;
				"CODE_SIGN_IDENTITY[sdk=iphoneos*]" = "iPhone Developer";
				COPY_PHASE_STRIP = NO;
				DEBUG_INFORMATION_FORMAT = "dwarf-with-dsym";
				ENABLE_NS_ASSERTIONS = NO;
				ENABLE_STRICT_OBJC_MSGSEND = YES;
				GCC_C_LANGUAGE_STANDARD = gnu99;
				GCC_NO_COMMON_BLOCKS = YES;
				GCC_WARN_64_TO_32_BIT_CONVERSION = YES;
				GCC_WARN_ABOUT_RETURN_TYPE = YES_ERROR;
				GCC_WARN_UNDECLARED_SELECTOR = YES;
				GCC_WARN_UNINITIALIZED_AUTOS = YES_AGGRESSIVE;
				GCC_WARN_UNUSED_FUNCTION = YES;
				GCC_WARN_UNUSED_VARIABLE = YES;
				IPHONEOS_DEPLOYMENT_TARGET = 10.1;
				MTL_ENABLE_DEBUG_INFO = NO;
				SDKROOT = iphoneos;
				SWIFT_OPTIMIZATION_LEVEL = "-Owholemodule";
				TARGETED_DEVICE_FAMILY = 2;
				VALIDATE_PRODUCT = YES;
			};
			name = Release;
		};
		28F895C01DC766E50075C51B /* Debug */ = {
			isa = XCBuildConfiguration;
			buildSettings = {
				ASSETCATALOG_COMPILER_APPICON_NAME = AppIcon;
				DEVELOPMENT_TEAM = N5KECSEMYR;
				INFOPLIST_FILE = CinemaLogic2/Info.plist;
				LD_RUNPATH_SEARCH_PATHS = "$(inherited) @executable_path/Frameworks";
				PRODUCT_BUNDLE_IDENTIFIER = ru.todem5.CinemaLogic2;
				PRODUCT_NAME = "$(TARGET_NAME)";
				SWIFT_VERSION = 3.0;
			};
			name = Debug;
		};
		28F895C11DC766E50075C51B /* Release */ = {
			isa = XCBuildConfiguration;
			buildSettings = {
				ASSETCATALOG_COMPILER_APPICON_NAME = AppIcon;
				DEVELOPMENT_TEAM = N5KECSEMYR;
				INFOPLIST_FILE = CinemaLogic2/Info.plist;
				LD_RUNPATH_SEARCH_PATHS = "$(inherited) @executable_path/Frameworks";
				PRODUCT_BUNDLE_IDENTIFIER = ru.todem5.CinemaLogic2;
				PRODUCT_NAME = "$(TARGET_NAME)";
				SWIFT_VERSION = 3.0;
			};
			name = Release;
		};
		28F895C31DC766E50075C51B /* Debug */ = {
			isa = XCBuildConfiguration;
			buildSettings = {
				ALWAYS_EMBED_SWIFT_STANDARD_LIBRARIES = YES;
				BUNDLE_LOADER = "$(TEST_HOST)";
				DEVELOPMENT_TEAM = N5KECSEMYR;
				INFOPLIST_FILE = CinemaLogic2Tests/Info.plist;
				LD_RUNPATH_SEARCH_PATHS = "$(inherited) @executable_path/Frameworks @loader_path/Frameworks";
				PRODUCT_BUNDLE_IDENTIFIER = ru.todem5.CinemaLogic2Tests;
				PRODUCT_NAME = "$(TARGET_NAME)";
				SWIFT_VERSION = 3.0;
				TEST_HOST = "$(BUILT_PRODUCTS_DIR)/CinemaLogic2.app/CinemaLogic2";
			};
			name = Debug;
		};
		28F895C41DC766E50075C51B /* Release */ = {
			isa = XCBuildConfiguration;
			buildSettings = {
				ALWAYS_EMBED_SWIFT_STANDARD_LIBRARIES = YES;
				BUNDLE_LOADER = "$(TEST_HOST)";
				DEVELOPMENT_TEAM = N5KECSEMYR;
				INFOPLIST_FILE = CinemaLogic2Tests/Info.plist;
				LD_RUNPATH_SEARCH_PATHS = "$(inherited) @executable_path/Frameworks @loader_path/Frameworks";
				PRODUCT_BUNDLE_IDENTIFIER = ru.todem5.CinemaLogic2Tests;
				PRODUCT_NAME = "$(TARGET_NAME)";
				SWIFT_VERSION = 3.0;
				TEST_HOST = "$(BUILT_PRODUCTS_DIR)/CinemaLogic2.app/CinemaLogic2";
			};
			name = Release;
		};
		28F895C61DC766E50075C51B /* Debug */ = {
			isa = XCBuildConfiguration;
			buildSettings = {
				ALWAYS_EMBED_SWIFT_STANDARD_LIBRARIES = YES;
				DEVELOPMENT_TEAM = N5KECSEMYR;
				INFOPLIST_FILE = CinemaLogic2UITests/Info.plist;
				LD_RUNPATH_SEARCH_PATHS = "$(inherited) @executable_path/Frameworks @loader_path/Frameworks";
				PRODUCT_BUNDLE_IDENTIFIER = ru.todem5.CinemaLogic2UITests;
				PRODUCT_NAME = "$(TARGET_NAME)";
				SWIFT_VERSION = 3.0;
				TEST_TARGET_NAME = CinemaLogic2;
			};
			name = Debug;
		};
		28F895C71DC766E50075C51B /* Release */ = {
			isa = XCBuildConfiguration;
			buildSettings = {
				ALWAYS_EMBED_SWIFT_STANDARD_LIBRARIES = YES;
				DEVELOPMENT_TEAM = N5KECSEMYR;
				INFOPLIST_FILE = CinemaLogic2UITests/Info.plist;
				LD_RUNPATH_SEARCH_PATHS = "$(inherited) @executable_path/Frameworks @loader_path/Frameworks";
				PRODUCT_BUNDLE_IDENTIFIER = ru.todem5.CinemaLogic2UITests;
				PRODUCT_NAME = "$(TARGET_NAME)";
				SWIFT_VERSION = 3.0;
				TEST_TARGET_NAME = CinemaLogic2;
			};
			name = Release;
		};
/* End XCBuildConfiguration section */

/* Begin XCConfigurationList section */
		28F8958F1DC766E50075C51B /* Build configuration list for PBXProject "CinemaLogic2" */ = {
			isa = XCConfigurationList;
			buildConfigurations = (
				28F895BD1DC766E50075C51B /* Debug */,
				28F895BE1DC766E50075C51B /* Release */,
			);
			defaultConfigurationIsVisible = 0;
			defaultConfigurationName = Release;
		};
		28F895BF1DC766E50075C51B /* Build configuration list for PBXNativeTarget "CinemaLogic2" */ = {
			isa = XCConfigurationList;
			buildConfigurations = (
				28F895C01DC766E50075C51B /* Debug */,
				28F895C11DC766E50075C51B /* Release */,
			);
			defaultConfigurationIsVisible = 0;
			defaultConfigurationName = Release;
		};
		28F895C21DC766E50075C51B /* Build configuration list for PBXNativeTarget "CinemaLogic2Tests" */ = {
			isa = XCConfigurationList;
			buildConfigurations = (
				28F895C31DC766E50075C51B /* Debug */,
				28F895C41DC766E50075C51B /* Release */,
			);
			defaultConfigurationIsVisible = 0;
			defaultConfigurationName = Release;
		};
		28F895C51DC766E50075C51B /* Build configuration list for PBXNativeTarget "CinemaLogic2UITests" */ = {
			isa = XCConfigurationList;
			buildConfigurations = (
				28F895C61DC766E50075C51B /* Debug */,
				28F895C71DC766E50075C51B /* Release */,
			);
			defaultConfigurationIsVisible = 0;
			defaultConfigurationName = Release;
		};
/* End XCConfigurationList section */

/* Begin XCVersionGroup section */
		28F8959E1DC766E50075C51B /* CinemaLogic2.xcdatamodeld */ = {
			isa = XCVersionGroup;
			children = (
				28F8959F1DC766E50075C51B /* CinemaLogic2.xcdatamodel */,
			);
			currentVersion = 28F8959F1DC766E50075C51B /* CinemaLogic2.xcdatamodel */;
			path = CinemaLogic2.xcdatamodeld;
			sourceTree = "<group>";
			versionGroupType = wrapper.xcdatamodel;
		};
/* End XCVersionGroup section */
	};
	rootObject = 28F8958C1DC766E50075C51B /* Project object */;
}
